
Microsoft Visual Studio Solution File, Format Version 12.00
# Visual Studio Version 17
VisualStudioVersion = 17.4.33205.214
MinimumVisualStudioVersion = 10.0.40219.1
Project("{2150E333-8FDC-42A3-9474-1A3956D46DE8}") = "Infrastructure", "Infrastructure", "{37980721-79EF-4A26-863F-D2462D3A91E8}"
EndProject
Project("{2150E333-8FDC-42A3-9474-1A3956D46DE8}") = "Microservices", "Microservices", "{6DB98919-808A-4C0B-A7A5-559D65AE9632}"
EndProject
Project("{2150E333-8FDC-42A3-9474-1A3956D46DE8}") = "Security", "Security", "{26C89307-C85B-4188-88A4-63F2FEA932DF}"
EndProject
Project("{2150E333-8FDC-42A3-9474-1A3956D46DE8}") = "Invoicement", "Invoicement", "{1A848D15-FCD0-41C6-9190-C5408E9A4FCA}"
EndProject
Project("{2150E333-8FDC-42A3-9474-1A3956D46DE8}") = "Payment", "Payment", "{04F24C0C-BF02-4A23-AA30-CD4435CEA9C6}"
EndProject
Project("{2150E333-8FDC-42A3-9474-1A3956D46DE8}") = "Movement", "Movement", "{7CFD8C57-269C-44BE-928D-CBBEB8E2352F}"
EndProject
Project("{2150E333-8FDC-42A3-9474-1A3956D46DE8}") = "Gateway", "Gateway", "{5A08DC1B-B3B2-43EB-A80E-DD3C6452887A}"
EndProject
Project("{2150E333-8FDC-42A3-9474-1A3956D46DE8}") = "EventBus", "EventBus", "{D722D59F-986C-45FC-A736-0A2AB72FA447}"
EndProject
Project("{2150E333-8FDC-42A3-9474-1A3956D46DE8}") = "Application", "Application", "{7584B7D5-6EF8-4014-A52B-C4249FFA8E31}"
EndProject
Project("{2150E333-8FDC-42A3-9474-1A3956D46DE8}") = "Application", "Application", "{97691E2F-D99C-4342-A1FE-02E7811805E9}"
EndProject
Project("{2150E333-8FDC-42A3-9474-1A3956D46DE8}") = "Application", "Application", "{232C3430-3A26-41E9-8D55-360B927F5923}"
EndProject
Project("{2150E333-8FDC-42A3-9474-1A3956D46DE8}") = "Application", "Application", "{D9AED5B7-5DD2-41C0-B019-BD5B11BDE8BD}"
EndProject
Project("{2150E333-8FDC-42A3-9474-1A3956D46DE8}") = "Domain", "Domain", "{3E66D436-F638-4F7D-89D8-EA84DD2E737F}"
EndProject
Project("{2150E333-8FDC-42A3-9474-1A3956D46DE8}") = "Domain", "Domain", "{CFF068A2-3D3A-417B-87AF-9C5ED6370184}"
EndProject
Project("{2150E333-8FDC-42A3-9474-1A3956D46DE8}") = "Domain", "Domain", "{AE73AE09-BE45-479B-B75E-FA7E430745FE}"
EndProject
Project("{2150E333-8FDC-42A3-9474-1A3956D46DE8}") = "Domain", "Domain", "{84918319-E56C-4C88-A2A2-6ECC1718A59E}"
EndProject
Project("{2150E333-8FDC-42A3-9474-1A3956D46DE8}") = "Infrastructure", "Infrastructure", "{494DC4E4-EBA1-443E-96A1-6C78130E74EC}"
EndProject
Project("{2150E333-8FDC-42A3-9474-1A3956D46DE8}") = "Infrastructure", "Infrastructure", "{A396975A-AB3C-4F49-B273-13D6CD0B564B}"
EndProject
Project("{2150E333-8FDC-42A3-9474-1A3956D46DE8}") = "Infrastructure", "Infrastructure", "{89E1C480-9A16-4C44-BEE7-F3EBC7EB5AEA}"
EndProject
Project("{2150E333-8FDC-42A3-9474-1A3956D46DE8}") = "Infrastructure", "Infrastructure", "{B547CAE6-00A9-47B4-A256-976BF289E170}"
EndProject
Project("{2150E333-8FDC-42A3-9474-1A3956D46DE8}") = "Presentation", "Presentation", "{217E540A-B340-4DD4-8018-4483C6D119E2}"
EndProject
Project("{2150E333-8FDC-42A3-9474-1A3956D46DE8}") = "Presentation", "Presentation", "{8EBD13F8-10F5-4D9F-A5F6-1027957B11B9}"
EndProject
Project("{2150E333-8FDC-42A3-9474-1A3956D46DE8}") = "Presentation", "Presentation", "{15746412-CE9E-4B98-AB94-A2186BFD5C30}"
EndProject
Project("{2150E333-8FDC-42A3-9474-1A3956D46DE8}") = "Presentation", "Presentation", "{8AB7F111-AB87-49B6-A9BB-973AF6D6FA51}"
EndProject
Project("{2150E333-8FDC-42A3-9474-1A3956D46DE8}") = "CrossCutting", "CrossCutting", "{5D7DC686-66F5-406D-BA6C-6BAB695C7CCC}"
EndProject
Project("{2150E333-8FDC-42A3-9474-1A3956D46DE8}") = "BD", "BD", "{7E295BE9-A94B-4A25-B57A-EF5C08834012}"
	ProjectSection(SolutionItems) = preProject
		db_invoice.sql = db_invoice.sql
		db_operation.sql = db_operation.sql
		db_security.sql = db_security.sql
		db_transaction.js = db_transaction.js
	EndProjectSection
EndProject
Project("{E53339B2-1760-4266-BCC7-CA923CBCF16C}") = "docker-compose", "docker-compose.dcproj", "{4239B762-F3C8-4B00-BE43-826CBB407471}"
EndProject
Project("{9A19103F-16F7-4668-BE54-9A1E7A4F7556}") = "Muchik.Market.Security.Api", "Muchik.Market.Security.Api\Muchik.Market.Security.Api.csproj", "{4CA5E4C1-BC88-4B38-957A-5CD799CC1037}"
EndProject
Project("{9A19103F-16F7-4668-BE54-9A1E7A4F7556}") = "Muchik.Market.Security.Infrastructure", "Muchik.Market.Security.Infrastructure\Muchik.Market.Security.Infrastructure.csproj", "{2DE0457B-AB92-4658-8996-6899ADCF9915}"
EndProject
Project("{9A19103F-16F7-4668-BE54-9A1E7A4F7556}") = "Muchik.Market.Security.Domain", "Muchik.Market.Security.Domain\Muchik.Market.Security.Domain.csproj", "{FB63719F-BAA3-4807-8B77-754D8B808EB4}"
EndProject
Project("{9A19103F-16F7-4668-BE54-9A1E7A4F7556}") = "Muchik.Market.Security.Application", "Muchik.Market.Security.Application\Muchik.Market.Security.Application.csproj", "{6449E4CE-DFBD-48C8-ADD0-16C7E87153A9}"
EndProject
Project("{9A19103F-16F7-4668-BE54-9A1E7A4F7556}") = "Muchik.Market.Payment.Api", "Muchik.Market.Payment.Api\Muchik.Market.Payment.Api.csproj", "{1A426FA2-D2D0-409C-A5C7-0A5F3C0393A0}"
EndProject
Project("{9A19103F-16F7-4668-BE54-9A1E7A4F7556}") = "Muchik.Market.Payment.Infrastructure", "Muchik.Market.Payment.Infrastructure\Muchik.Market.Payment.Infrastructure.csproj", "{61CCFAB0-7BB3-4DC1-BF78-E82ABD190976}"
EndProject
Project("{9A19103F-16F7-4668-BE54-9A1E7A4F7556}") = "Muchik.Market.Payment.Domain", "Muchik.Market.Payment.Domain\Muchik.Market.Payment.Domain.csproj", "{DD1DE2BD-3E5D-4BC0-A342-CD62A4F75823}"
EndProject
Project("{9A19103F-16F7-4668-BE54-9A1E7A4F7556}") = "Muchik.Market.Payment.Application", "Muchik.Market.Payment.Application\Muchik.Market.Payment.Application.csproj", "{A524F7E8-A601-4FC9-BE5F-8AAA1D4777E0}"
EndProject
Project("{9A19103F-16F7-4668-BE54-9A1E7A4F7556}") = "Muchik.Market.Movement.Api", "Muchik.Market.Movement.Api\Muchik.Market.Movement.Api.csproj", "{E82E99DB-304D-42F8-8497-C712AB9F1CEE}"
EndProject
Project("{9A19103F-16F7-4668-BE54-9A1E7A4F7556}") = "Muchik.Market.Movement.Infrastructure", "Muchik.Market.Movement.Infrastructure\Muchik.Market.Movement.Infrastructure.csproj", "{CD214950-B0A5-41E8-BD98-7FA93F29B55F}"
EndProject
Project("{9A19103F-16F7-4668-BE54-9A1E7A4F7556}") = "Muchik.Market.Movement.Domain", "Muchik.Market.Movement.Domain\Muchik.Market.Movement.Domain.csproj", "{451DB09B-039F-44C9-A9D7-44618829584D}"
EndProject
Project("{9A19103F-16F7-4668-BE54-9A1E7A4F7556}") = "Muchik.Market.Movement.Application", "Muchik.Market.Movement.Application\Muchik.Market.Movement.Application.csproj", "{4D883056-187C-4F25-A78B-AAC13524EC4A}"
EndProject
Project("{9A19103F-16F7-4668-BE54-9A1E7A4F7556}") = "Muchik.Market.Invoicement.Api", "Muchik.Market.Invoicement.Api\Muchik.Market.Invoicement.Api.csproj", "{F00952F1-09F8-4BC9-A507-592460B465B5}"
EndProject
Project("{9A19103F-16F7-4668-BE54-9A1E7A4F7556}") = "Muchik.Market.Invoicement.Infrastructure", "Muchik.Market.Invoicement.Infrastructure\Muchik.Market.Invoicement.Infrastructure.csproj", "{42647A1D-3344-48A2-96B3-6B9290187FF5}"
EndProject
Project("{9A19103F-16F7-4668-BE54-9A1E7A4F7556}") = "Muchik.Market.Invoicement.Domain", "Muchik.Market.Invoicement.Domain\Muchik.Market.Invoicement.Domain.csproj", "{83DCC0F1-16AF-41BF-B2A1-E0FA552E8FE4}"
EndProject
Project("{9A19103F-16F7-4668-BE54-9A1E7A4F7556}") = "Muchik.Market.Invoicement.Application", "Muchik.Market.Invoicement.Application\Muchik.Market.Invoicement.Application.csproj", "{18884734-AA6B-46E2-ADC6-12F3E03DD6FA}"
EndProject
Project("{9A19103F-16F7-4668-BE54-9A1E7A4F7556}") = "Muchik.Market.Infrastructure.Gateway.Api", "Muchik.Market.Infrastructure.Gateway.Api\Muchik.Market.Infrastructure.Gateway.Api.csproj", "{57D0731B-0407-4E0F-B143-186A6A5A51CD}"
EndProject
Project("{9A19103F-16F7-4668-BE54-9A1E7A4F7556}") = "Muchik.Market.Infrastructure.EventBusRabbitMQ", "Muchik.Market.Infrastructure.EventBusRabbitMQ\Muchik.Market.Infrastructure.EventBusRabbitMQ.csproj", "{0BC03370-453D-462D-AB48-16359140A9A3}"
EndProject
Project("{9A19103F-16F7-4668-BE54-9A1E7A4F7556}") = "Muchik.Market.Infrastructure.EventBus", "Muchik.Market.Infrastructure.EventBus\Muchik.Market.Infrastructure.EventBus.csproj", "{F17ECBC8-6DBD-4398-9753-D472EA04B31A}"
EndProject
Project("{9A19103F-16F7-4668-BE54-9A1E7A4F7556}") = "Muchik.Market.Infrastructure.CrossCutting", "Muchik.Market.Infrastructure.CrossCutting\Muchik.Market.Infrastructure.CrossCutting.csproj", "{9B0708AD-000B-4081-8027-88A999AB585F}"
EndProject
Global
	GlobalSection(SolutionConfigurationPlatforms) = preSolution
		Debug|Any CPU = Debug|Any CPU
		Release|Any CPU = Release|Any CPU
	EndGlobalSection
	GlobalSection(ProjectConfigurationPlatforms) = postSolution
		{4239B762-F3C8-4B00-BE43-826CBB407471}.Debug|Any CPU.ActiveCfg = Debug|Any CPU
		{4239B762-F3C8-4B00-BE43-826CBB407471}.Debug|Any CPU.Build.0 = Debug|Any CPU
		{4239B762-F3C8-4B00-BE43-826CBB407471}.Release|Any CPU.ActiveCfg = Release|Any CPU
		{4239B762-F3C8-4B00-BE43-826CBB407471}.Release|Any CPU.Build.0 = Release|Any CPU
		{4CA5E4C1-BC88-4B38-957A-5CD799CC1037}.Debug|Any CPU.ActiveCfg = Debug|Any CPU
		{4CA5E4C1-BC88-4B38-957A-5CD799CC1037}.Debug|Any CPU.Build.0 = Debug|Any CPU
		{4CA5E4C1-BC88-4B38-957A-5CD799CC1037}.Release|Any CPU.ActiveCfg = Release|Any CPU
		{4CA5E4C1-BC88-4B38-957A-5CD799CC1037}.Release|Any CPU.Build.0 = Release|Any CPU
		{2DE0457B-AB92-4658-8996-6899ADCF9915}.Debug|Any CPU.ActiveCfg = Debug|Any CPU
		{2DE0457B-AB92-4658-8996-6899ADCF9915}.Debug|Any CPU.Build.0 = Debug|Any CPU
		{2DE0457B-AB92-4658-8996-6899ADCF9915}.Release|Any CPU.ActiveCfg = Release|Any CPU
		{2DE0457B-AB92-4658-8996-6899ADCF9915}.Release|Any CPU.Build.0 = Release|Any CPU
		{FB63719F-BAA3-4807-8B77-754D8B808EB4}.Debug|Any CPU.ActiveCfg = Debug|Any CPU
		{FB63719F-BAA3-4807-8B77-754D8B808EB4}.Debug|Any CPU.Build.0 = Debug|Any CPU
		{FB63719F-BAA3-4807-8B77-754D8B808EB4}.Release|Any CPU.ActiveCfg = Release|Any CPU
		{FB63719F-BAA3-4807-8B77-754D8B808EB4}.Release|Any CPU.Build.0 = Release|Any CPU
		{6449E4CE-DFBD-48C8-ADD0-16C7E87153A9}.Debug|Any CPU.ActiveCfg = Debug|Any CPU
		{6449E4CE-DFBD-48C8-ADD0-16C7E87153A9}.Debug|Any CPU.Build.0 = Debug|Any CPU
		{6449E4CE-DFBD-48C8-ADD0-16C7E87153A9}.Release|Any CPU.ActiveCfg = Release|Any CPU
		{6449E4CE-DFBD-48C8-ADD0-16C7E87153A9}.Release|Any CPU.Build.0 = Release|Any CPU
		{1A426FA2-D2D0-409C-A5C7-0A5F3C0393A0}.Debug|Any CPU.ActiveCfg = Debug|Any CPU
		{1A426FA2-D2D0-409C-A5C7-0A5F3C0393A0}.Debug|Any CPU.Build.0 = Debug|Any CPU
		{1A426FA2-D2D0-409C-A5C7-0A5F3C0393A0}.Release|Any CPU.ActiveCfg = Release|Any CPU
		{1A426FA2-D2D0-409C-A5C7-0A5F3C0393A0}.Release|Any CPU.Build.0 = Release|Any CPU
		{61CCFAB0-7BB3-4DC1-BF78-E82ABD190976}.Debug|Any CPU.ActiveCfg = Debug|Any CPU
		{61CCFAB0-7BB3-4DC1-BF78-E82ABD190976}.Debug|Any CPU.Build.0 = Debug|Any CPU
		{61CCFAB0-7BB3-4DC1-BF78-E82ABD190976}.Release|Any CPU.ActiveCfg = Release|Any CPU
		{61CCFAB0-7BB3-4DC1-BF78-E82ABD190976}.Release|Any CPU.Build.0 = Release|Any CPU
		{DD1DE2BD-3E5D-4BC0-A342-CD62A4F75823}.Debug|Any CPU.ActiveCfg = Debug|Any CPU
		{DD1DE2BD-3E5D-4BC0-A342-CD62A4F75823}.Debug|Any CPU.Build.0 = Debug|Any CPU
		{DD1DE2BD-3E5D-4BC0-A342-CD62A4F75823}.Release|Any CPU.ActiveCfg = Release|Any CPU
		{DD1DE2BD-3E5D-4BC0-A342-CD62A4F75823}.Release|Any CPU.Build.0 = Release|Any CPU
		{A524F7E8-A601-4FC9-BE5F-8AAA1D4777E0}.Debug|Any CPU.ActiveCfg = Debug|Any CPU
		{A524F7E8-A601-4FC9-BE5F-8AAA1D4777E0}.Debug|Any CPU.Build.0 = Debug|Any CPU
		{A524F7E8-A601-4FC9-BE5F-8AAA1D4777E0}.Release|Any CPU.ActiveCfg = Release|Any CPU
		{A524F7E8-A601-4FC9-BE5F-8AAA1D4777E0}.Release|Any CPU.Build.0 = Release|Any CPU
		{E82E99DB-304D-42F8-8497-C712AB9F1CEE}.Debug|Any CPU.ActiveCfg = Debug|Any CPU
		{E82E99DB-304D-42F8-8497-C712AB9F1CEE}.Debug|Any CPU.Build.0 = Debug|Any CPU
		{E82E99DB-304D-42F8-8497-C712AB9F1CEE}.Release|Any CPU.ActiveCfg = Release|Any CPU
		{E82E99DB-304D-42F8-8497-C712AB9F1CEE}.Release|Any CPU.Build.0 = Release|Any CPU
		{CD214950-B0A5-41E8-BD98-7FA93F29B55F}.Debug|Any CPU.ActiveCfg = Debug|Any CPU
		{CD214950-B0A5-41E8-BD98-7FA93F29B55F}.Debug|Any CPU.Build.0 = Debug|Any CPU
		{CD214950-B0A5-41E8-BD98-7FA93F29B55F}.Release|Any CPU.ActiveCfg = Release|Any CPU
		{CD214950-B0A5-41E8-BD98-7FA93F29B55F}.Release|Any CPU.Build.0 = Release|Any CPU
		{451DB09B-039F-44C9-A9D7-44618829584D}.Debug|Any CPU.ActiveCfg = Debug|Any CPU
		{451DB09B-039F-44C9-A9D7-44618829584D}.Debug|Any CPU.Build.0 = Debug|Any CPU
		{451DB09B-039F-44C9-A9D7-44618829584D}.Release|Any CPU.ActiveCfg = Release|Any CPU
		{451DB09B-039F-44C9-A9D7-44618829584D}.Release|Any CPU.Build.0 = Release|Any CPU
		{4D883056-187C-4F25-A78B-AAC13524EC4A}.Debug|Any CPU.ActiveCfg = Debug|Any CPU
		{4D883056-187C-4F25-A78B-AAC13524EC4A}.Debug|Any CPU.Build.0 = Debug|Any CPU
		{4D883056-187C-4F25-A78B-AAC13524EC4A}.Release|Any CPU.ActiveCfg = Release|Any CPU
		{4D883056-187C-4F25-A78B-AAC13524EC4A}.Release|Any CPU.Build.0 = Release|Any CPU
		{F00952F1-09F8-4BC9-A507-592460B465B5}.Debug|Any CPU.ActiveCfg = Debug|Any CPU
		{F00952F1-09F8-4BC9-A507-592460B465B5}.Debug|Any CPU.Build.0 = Debug|Any CPU
		{F00952F1-09F8-4BC9-A507-592460B465B5}.Release|Any CPU.ActiveCfg = Release|Any CPU
		{F00952F1-09F8-4BC9-A507-592460B465B5}.Release|Any CPU.Build.0 = Release|Any CPU
		{42647A1D-3344-48A2-96B3-6B9290187FF5}.Debug|Any CPU.ActiveCfg = Debug|Any CPU
		{42647A1D-3344-48A2-96B3-6B9290187FF5}.Debug|Any CPU.Build.0 = Debug|Any CPU
		{42647A1D-3344-48A2-96B3-6B9290187FF5}.Release|Any CPU.ActiveCfg = Release|Any CPU
		{42647A1D-3344-48A2-96B3-6B9290187FF5}.Release|Any CPU.Build.0 = Release|Any CPU
		{83DCC0F1-16AF-41BF-B2A1-E0FA552E8FE4}.Debug|Any CPU.ActiveCfg = Debug|Any CPU
		{83DCC0F1-16AF-41BF-B2A1-E0FA552E8FE4}.Debug|Any CPU.Build.0 = Debug|Any CPU
		{83DCC0F1-16AF-41BF-B2A1-E0FA552E8FE4}.Release|Any CPU.ActiveCfg = Release|Any CPU
		{83DCC0F1-16AF-41BF-B2A1-E0FA552E8FE4}.Release|Any CPU.Build.0 = Release|Any CPU
		{18884734-AA6B-46E2-ADC6-12F3E03DD6FA}.Debug|Any CPU.ActiveCfg = Debug|Any CPU
		{18884734-AA6B-46E2-ADC6-12F3E03DD6FA}.Debug|Any CPU.Build.0 = Debug|Any CPU
		{18884734-AA6B-46E2-ADC6-12F3E03DD6FA}.Release|Any CPU.ActiveCfg = Release|Any CPU
		{18884734-AA6B-46E2-ADC6-12F3E03DD6FA}.Release|Any CPU.Build.0 = Release|Any CPU
		{57D0731B-0407-4E0F-B143-186A6A5A51CD}.Debug|Any CPU.ActiveCfg = Debug|Any CPU
		{57D0731B-0407-4E0F-B143-186A6A5A51CD}.Debug|Any CPU.Build.0 = Debug|Any CPU
		{57D0731B-0407-4E0F-B143-186A6A5A51CD}.Release|Any CPU.ActiveCfg = Release|Any CPU
		{57D0731B-0407-4E0F-B143-186A6A5A51CD}.Release|Any CPU.Build.0 = Release|Any CPU
		{0BC03370-453D-462D-AB48-16359140A9A3}.Debug|Any CPU.ActiveCfg = Debug|Any CPU
		{0BC03370-453D-462D-AB48-16359140A9A3}.Debug|Any CPU.Build.0 = Debug|Any CPU
		{0BC03370-453D-462D-AB48-16359140A9A3}.Release|Any CPU.ActiveCfg = Release|Any CPU
		{0BC03370-453D-462D-AB48-16359140A9A3}.Release|Any CPU.Build.0 = Release|Any CPU
		{F17ECBC8-6DBD-4398-9753-D472EA04B31A}.Debug|Any CPU.ActiveCfg = Debug|Any CPU
		{F17ECBC8-6DBD-4398-9753-D472EA04B31A}.Debug|Any CPU.Build.0 = Debug|Any CPU
		{F17ECBC8-6DBD-4398-9753-D472EA04B31A}.Release|Any CPU.ActiveCfg = Release|Any CPU
		{F17ECBC8-6DBD-4398-9753-D472EA04B31A}.Release|Any CPU.Build.0 = Release|Any CPU
		{9B0708AD-000B-4081-8027-88A999AB585F}.Debug|Any CPU.ActiveCfg = Debug|Any CPU
		{9B0708AD-000B-4081-8027-88A999AB585F}.Debug|Any CPU.Build.0 = Debug|Any CPU
		{9B0708AD-000B-4081-8027-88A999AB585F}.Release|Any CPU.ActiveCfg = Release|Any CPU
		{9B0708AD-000B-4081-8027-88A999AB585F}.Release|Any CPU.Build.0 = Release|Any CPU
	EndGlobalSection
	GlobalSection(SolutionProperties) = preSolution
		HideSolutionNode = FALSE
	EndGlobalSection
	GlobalSection(NestedProjects) = preSolution
		{26C89307-C85B-4188-88A4-63F2FEA932DF} = {6DB98919-808A-4C0B-A7A5-559D65AE9632}
		{1A848D15-FCD0-41C6-9190-C5408E9A4FCA} = {6DB98919-808A-4C0B-A7A5-559D65AE9632}
		{04F24C0C-BF02-4A23-AA30-CD4435CEA9C6} = {6DB98919-808A-4C0B-A7A5-559D65AE9632}
		{7CFD8C57-269C-44BE-928D-CBBEB8E2352F} = {6DB98919-808A-4C0B-A7A5-559D65AE9632}
		{5A08DC1B-B3B2-43EB-A80E-DD3C6452887A} = {37980721-79EF-4A26-863F-D2462D3A91E8}
		{D722D59F-986C-45FC-A736-0A2AB72FA447} = {37980721-79EF-4A26-863F-D2462D3A91E8}
		{7584B7D5-6EF8-4014-A52B-C4249FFA8E31} = {26C89307-C85B-4188-88A4-63F2FEA932DF}
		{97691E2F-D99C-4342-A1FE-02E7811805E9} = {04F24C0C-BF02-4A23-AA30-CD4435CEA9C6}
		{232C3430-3A26-41E9-8D55-360B927F5923} = {1A848D15-FCD0-41C6-9190-C5408E9A4FCA}
		{D9AED5B7-5DD2-41C0-B019-BD5B11BDE8BD} = {7CFD8C57-269C-44BE-928D-CBBEB8E2352F}
		{3E66D436-F638-4F7D-89D8-EA84DD2E737F} = {26C89307-C85B-4188-88A4-63F2FEA932DF}
		{CFF068A2-3D3A-417B-87AF-9C5ED6370184} = {04F24C0C-BF02-4A23-AA30-CD4435CEA9C6}
		{AE73AE09-BE45-479B-B75E-FA7E430745FE} = {1A848D15-FCD0-41C6-9190-C5408E9A4FCA}
		{84918319-E56C-4C88-A2A2-6ECC1718A59E} = {7CFD8C57-269C-44BE-928D-CBBEB8E2352F}
		{494DC4E4-EBA1-443E-96A1-6C78130E74EC} = {26C89307-C85B-4188-88A4-63F2FEA932DF}
		{A396975A-AB3C-4F49-B273-13D6CD0B564B} = {04F24C0C-BF02-4A23-AA30-CD4435CEA9C6}
		{89E1C480-9A16-4C44-BEE7-F3EBC7EB5AEA} = {1A848D15-FCD0-41C6-9190-C5408E9A4FCA}
		{B547CAE6-00A9-47B4-A256-976BF289E170} = {7CFD8C57-269C-44BE-928D-CBBEB8E2352F}
		{217E540A-B340-4DD4-8018-4483C6D119E2} = {26C89307-C85B-4188-88A4-63F2FEA932DF}
		{8EBD13F8-10F5-4D9F-A5F6-1027957B11B9} = {04F24C0C-BF02-4A23-AA30-CD4435CEA9C6}
		{15746412-CE9E-4B98-AB94-A2186BFD5C30} = {1A848D15-FCD0-41C6-9190-C5408E9A4FCA}
		{8AB7F111-AB87-49B6-A9BB-973AF6D6FA51} = {7CFD8C57-269C-44BE-928D-CBBEB8E2352F}
		{5D7DC686-66F5-406D-BA6C-6BAB695C7CCC} = {37980721-79EF-4A26-863F-D2462D3A91E8}
		{7E295BE9-A94B-4A25-B57A-EF5C08834012} = {37980721-79EF-4A26-863F-D2462D3A91E8}
		{4CA5E4C1-BC88-4B38-957A-5CD799CC1037} = {217E540A-B340-4DD4-8018-4483C6D119E2}
		{2DE0457B-AB92-4658-8996-6899ADCF9915} = {494DC4E4-EBA1-443E-96A1-6C78130E74EC}
		{FB63719F-BAA3-4807-8B77-754D8B808EB4} = {3E66D436-F638-4F7D-89D8-EA84DD2E737F}
		{6449E4CE-DFBD-48C8-ADD0-16C7E87153A9} = {7584B7D5-6EF8-4014-A52B-C4249FFA8E31}
		{1A426FA2-D2D0-409C-A5C7-0A5F3C0393A0} = {8EBD13F8-10F5-4D9F-A5F6-1027957B11B9}
		{61CCFAB0-7BB3-4DC1-BF78-E82ABD190976} = {A396975A-AB3C-4F49-B273-13D6CD0B564B}
		{DD1DE2BD-3E5D-4BC0-A342-CD62A4F75823} = {CFF068A2-3D3A-417B-87AF-9C5ED6370184}
		{A524F7E8-A601-4FC9-BE5F-8AAA1D4777E0} = {97691E2F-D99C-4342-A1FE-02E7811805E9}
		{E82E99DB-304D-42F8-8497-C712AB9F1CEE} = {8AB7F111-AB87-49B6-A9BB-973AF6D6FA51}
		{CD214950-B0A5-41E8-BD98-7FA93F29B55F} = {B547CAE6-00A9-47B4-A256-976BF289E170}
		{451DB09B-039F-44C9-A9D7-44618829584D} = {84918319-E56C-4C88-A2A2-6ECC1718A59E}
		{4D883056-187C-4F25-A78B-AAC13524EC4A} = {D9AED5B7-5DD2-41C0-B019-BD5B11BDE8BD}
		{F00952F1-09F8-4BC9-A507-592460B465B5} = {15746412-CE9E-4B98-AB94-A2186BFD5C30}
		{42647A1D-3344-48A2-96B3-6B9290187FF5} = {89E1C480-9A16-4C44-BEE7-F3EBC7EB5AEA}
		{83DCC0F1-16AF-41BF-B2A1-E0FA552E8FE4} = {AE73AE09-BE45-479B-B75E-FA7E430745FE}
		{18884734-AA6B-46E2-ADC6-12F3E03DD6FA} = {232C3430-3A26-41E9-8D55-360B927F5923}
		{57D0731B-0407-4E0F-B143-186A6A5A51CD} = {5A08DC1B-B3B2-43EB-A80E-DD3C6452887A}
		{0BC03370-453D-462D-AB48-16359140A9A3} = {D722D59F-986C-45FC-A736-0A2AB72FA447}
		{F17ECBC8-6DBD-4398-9753-D472EA04B31A} = {D722D59F-986C-45FC-A736-0A2AB72FA447}
		{9B0708AD-000B-4081-8027-88A999AB585F} = {5D7DC686-66F5-406D-BA6C-6BAB695C7CCC}
	EndGlobalSection
	GlobalSection(ExtensibilityGlobals) = postSolution
		SolutionGuid = {037979E6-7FA4-4100-87BC-FEE63F9DA14C}
	EndGlobalSection
EndGlobal
